// !$*UTF8*$!
{
	archiveVersion = 1;
	classes = {
	};
	objectVersion = 50;
	objects = {

/* Begin PBXBuildFile section */
		1A39900024EEA0910078AF19 /* AppDelegate.swift in Sources */ = {isa = PBXBuildFile; fileRef = 1A398FFF24EEA0910078AF19 /* AppDelegate.swift */; };
		1A39900224EEA0910078AF19 /* SceneDelegate.swift in Sources */ = {isa = PBXBuildFile; fileRef = 1A39900124EEA0910078AF19 /* SceneDelegate.swift */; };
		1A39900724EEA0910078AF19 /* Main.storyboard in Resources */ = {isa = PBXBuildFile; fileRef = 1A39900524EEA0910078AF19 /* Main.storyboard */; };
		1A39900924EEA0930078AF19 /* Assets.xcassets in Resources */ = {isa = PBXBuildFile; fileRef = 1A39900824EEA0930078AF19 /* Assets.xcassets */; };
		1A39900C24EEA0930078AF19 /* LaunchScreen.storyboard in Resources */ = {isa = PBXBuildFile; fileRef = 1A39900A24EEA0930078AF19 /* LaunchScreen.storyboard */; };
		1A39901424EEA13A0078AF19 /* BountyViewController.swift in Sources */ = {isa = PBXBuildFile; fileRef = 1A39901324EEA13A0078AF19 /* BountyViewController.swift */; };
/* End PBXBuildFile section */

/* Begin PBXFileReference section */
		1A398FFC24EEA0910078AF19 /* BountyList.app */ = {isa = PBXFileReference; explicitFileType = wrapper.application; includeInIndex = 0; path = BountyList.app; sourceTree = BUILT_PRODUCTS_DIR; };
		1A398FFF24EEA0910078AF19 /* AppDelegate.swift */ = {isa = PBXFileReference; lastKnownFileType = sourcecode.swift; path = AppDelegate.swift; sourceTree = "<group>"; };
		1A39900124EEA0910078AF19 /* SceneDelegate.swift */ = {isa = PBXFileReference; lastKnownFileType = sourcecode.swift; path = SceneDelegate.swift; sourceTree = "<group>"; };
		1A39900624EEA0910078AF19 /* Base */ = {isa = PBXFileReference; lastKnownFileType = file.storyboard; name = Base; path = Base.lproj/Main.storyboard; sourceTree = "<group>"; };
		1A39900824EEA0930078AF19 /* Assets.xcassets */ = {isa = PBXFileReference; lastKnownFileType = folder.assetcatalog; path = Assets.xcassets; sourceTree = "<group>"; };
		1A39900B24EEA0930078AF19 /* Base */ = {isa = PBXFileReference; lastKnownFileType = file.storyboard; name = Base; path = Base.lproj/LaunchScreen.storyboard; sourceTree = "<group>"; };
		1A39900D24EEA0930078AF19 /* Info.plist */ = {isa = PBXFileReference; lastKnownFileType = text.plist.xml; path = Info.plist; sourceTree = "<group>"; };
		1A39901324EEA13A0078AF19 /* BountyViewController.swift */ = {isa = PBXFileReference; lastKnownFileType = sourcecode.swift; path = BountyViewController.swift; sourceTree = "<group>"; };
/* End PBXFileReference section */

/* Begin PBXFrameworksBuildPhase section */
		1A398FF924EEA0910078AF19 /* Frameworks */ = {
			isa = PBXFrameworksBuildPhase;
			buildActionMask = 2147483647;
			files = (
			);
			runOnlyForDeploymentPostprocessing = 0;
		};
/* End PBXFrameworksBuildPhase section */

/* Begin PBXGroup section */
		1A398FF324EEA0910078AF19 = {
			isa = PBXGroup;
			children = (
				1A398FFE24EEA0910078AF19 /* BountyList */,
				1A398FFD24EEA0910078AF19 /* Products */,
			);
			sourceTree = "<group>";
		};
		1A398FFD24EEA0910078AF19 /* Products */ = {
			isa = PBXGroup;
			children = (
				1A398FFC24EEA0910078AF19 /* BountyList.app */,
			);
			name = Products;
			sourceTree = "<group>";
		};
		1A398FFE24EEA0910078AF19 /* BountyList */ = {
			isa = PBXGroup;
			children = (
				1A398FFF24EEA0910078AF19 /* AppDelegate.swift */,
				1A39900124EEA0910078AF19 /* SceneDelegate.swift */,
				1A39901324EEA13A0078AF19 /* BountyViewController.swift */,
				1A39900524EEA0910078AF19 /* Main.storyboard */,
				1A39900824EEA0930078AF19 /* Assets.xcassets */,
				1A39900A24EEA0930078AF19 /* LaunchScreen.storyboard */,
				1A39900D24EEA0930078AF19 /* Info.plist */,
			);
			path = BountyList;
			sourceTree = "<group>";
		};
/* End PBXGroup section */

/* Begin PBXNativeTarget section */
		1A398FFB24EEA0910078AF19 /* BountyList */ = {
			isa = PBXNativeTarget;
			buildConfigurationList = 1A39901024EEA0930078AF19 /* Build configuration list for PBXNativeTarget "BountyList" */;
			buildPhases = (
				1A398FF824EEA0910078AF19 /* Sources */,
				1A398FF924EEA0910078AF19 /* Frameworks */,
				1A398FFA24EEA0910078AF19 /* Resources */,
			);
			buildRules = (
			);
			dependencies = (
			);
			name = BountyList;
			productName = BountyList;
			productReference = 1A398FFC24EEA0910078AF19 /* BountyList.app */;
			productType = "com.apple.product-type.application";
		};
/* End PBXNativeTarget section */

/* Begin PBXProject section */
		1A398FF424EEA0910078AF19 /* Project object */ = {
			isa = PBXProject;
			attributes = {
				LastSwiftUpdateCheck = 1160;
				LastUpgradeCheck = 1160;
				ORGANIZATIONNAME = kr.co.hist;
				TargetAttributes = {
					1A398FFB24EEA0910078AF19 = {
						CreatedOnToolsVersion = 11.6;
					};
				};
			};
			buildConfigurationList = 1A398FF724EEA0910078AF19 /* Build configuration list for PBXProject "BountyList" */;
			compatibilityVersion = "Xcode 9.3";
			developmentRegion = en;
			hasScannedForEncodings = 0;
			knownRegions = (
				en,
				Base,
			);
			mainGroup = 1A398FF324EEA0910078AF19;
			productRefGroup = 1A398FFD24EEA0910078AF19 /* Products */;
			projectDirPath = "";
			projectRoot = "";
			targets = (
				1A398FFB24EEA0910078AF19 /* BountyList */,
			);
		};
/* End PBXProject section */

/* Begin PBXResourcesBuildPhase section */
		1A398FFA24EEA0910078AF19 /* Resources */ = {
			isa = PBXResourcesBuildPhase;
			buildActionMask = 2147483647;
			files = (
				1A39900C24EEA0930078AF19 /* LaunchScreen.storyboard in Resources */,
				1A39900924EEA0930078AF19 /* Assets.xcassets in Resources */,
				1A39900724EEA0910078AF19 /* Main.storyboard in Resources */,
			);
			runOnlyForDeploymentPostprocessing = 0;
		};
/* End PBXResourcesBuildPhase section */

/* Begin PBXSourcesBuildPhase section */
		1A398FF824EEA0910078AF19 /* Sources */ = {
			isa = PBXSourcesBuildPhase;
			buildActionMask = 2147483647;
			files = (
				1A39900024EEA0910078AF19 /* AppDelegate.swift in Sources */,
				1A39901424EEA13A0078AF19 /* BountyViewController.swift in Sources */,
				1A39900224EEA0910078AF19 /* SceneDelegate.swift in Sources */,
			);
			runOnlyForDeploymentPostprocessing = 0;
		};
/* End PBXSourcesBuildPhase section */

/* Begin PBXVariantGroup section */
		1A39900524EEA0910078AF19 /* Main.storyboard */ = {
			isa = PBXVariantGroup;
			children = (
				1A39900624EEA0910078AF19 /* Base */,
			);
			name = Main.storyboard;
			sourceTree = "<group>";
		};
		1A39900A24EEA0930078AF19 /* LaunchScreen.storyboard */ = {
			isa = PBXVariantGroup;
			children = (
				1A39900B24EEA0930078AF19 /* Base */,
			);
			name = LaunchScreen.storyboard;
			sourceTree = "<group>";
		};
/* End PBXVariantGroup section */

/* Begin XCBuildConfiguration section */
		1A39900E24EEA0930078AF19 /* Debug */ = {
			isa = XCBuildConfiguration;
			buildSettings = {
				ALWAYS_SEARCH_USER_PATHS = NO;
				CLANG_ANALYZER_NONNULL = YES;
				CLANG_ANALYZER_NUMBER_OBJECT_CONVERSION = YES_AGGRESSIVE;
				CLANG_CXX_LANGUAGE_STANDARD = "gnu++14";
				CLANG_CXX_LIBRARY = "libc++";
				CLANG_ENABLE_MODULES = YES;
				CLANG_ENABLE_OBJC_ARC = YES;
				CLANG_ENABLE_OBJC_WEAK = YES;
				CLANG_WARN_BLOCK_CAPTURE_AUTORELEASING = YES;
				CLANG_WARN_BOOL_CONVERSION = YES;
				CLANG_WARN_COMMA = YES;
				CLANG_WARN_CONSTANT_CONVERSION = YES;
				CLANG_WARN_DEPRECATED_OBJC_IMPLEMENTATIONS = YES;
				CLANG_WARN_DIRECT_OBJC_ISA_USAGE = YES_ERROR;
				CLANG_WARN_DOCUMENTATION_COMMENTS = YES;
				CLANG_WARN_EMPTY_BODY = YES;
				CLANG_WARN_ENUM_CONVERSION = YES;
				CLANG_WARN_INFINITE_RECURSION = YES;
				CLANG_WARN_INT_CONVERSION = YES;
				CLANG_WARN_NON_LITERAL_NULL_CONVERSION = YES;
				CLANG_WARN_OBJC_IMPLICIT_RETAIN_SELF = YES;
				CLANG_WARN_OBJC_LITERAL_CONVERSION = YES;
				CLANG_WARN_OBJC_ROOT_CLASS = YES_ERROR;
				CLANG_WARN_RANGE_LOOP_ANALYSIS = YES;
				CLANG_WARN_STRICT_PROTOTYPES = YES;
				CLANG_WARN_SUSPICIOUS_MOVE = YES;
				CLANG_WARN_UNGUARDED_AVAILABILITY = YES_AGGRESSIVE;
				CLANG_WARN_UNREACHABLE_CODE = YES;
				CLANG_WARN__DUPLICATE_METHOD_MATCH = YES;
				COPY_PHASE_STRIP = NO;
				DEBUG_INFORMATION_FORMAT = dwarf;
				ENABLE_STRICT_OBJC_MSGSEND = YES;
				ENABLE_TESTABILITY = YES;
				GCC_C_LANGUAGE_STANDARD = gnu11;
				GCC_DYNAMIC_NO_PIC = NO;
				GCC_NO_COMMON_BLOCKS = YES;
				GCC_OPTIMIZATION_LEVEL = 0;
				GCC_PREPROCESSOR_DEFINITIONS = (
					"DEBUG=1",
					"$(inherited)",
				);
				GCC_WARN_64_TO_32_BIT_CONVERSION = YES;
				GCC_WARN_ABOUT_RETURN_TYPE = YES_ERROR;
				GCC_WARN_UNDECLARED_SELECTOR = YES;
				GCC_WARN_UNINITIALIZED_AUTOS = YES_AGGRESSIVE;
				GCC_WARN_UNUSED_FUNCTION = YES;
				GCC_WARN_UNUSED_VARIABLE = YES;
				IPHONEOS_DEPLOYMENT_TARGET = 13.6;
				MTL_ENABLE_DEBUG_INFO = INCLUDE_SOURCE;
				MTL_FAST_MATH = YES;
				ONLY_ACTIVE_ARCH = YES;
				SDKROOT = iphoneos;
				SWIFT_ACTIVE_COMPILATION_CONDITIONS = DEBUG;
				SWIFT_OPTIMIZATION_LEVEL = "-Onone";
			};
			name = Debug;
		};
		1A39900F24EEA0930078AF19 /* Release */ = {
			isa = XCBuildConfiguration;
			buildSettings = {
				ALWAYS_SEARCH_USER_PATHS = NO;
				CLANG_ANALYZER_NONNULL = YES;
				CLANG_ANALYZER_NUMBER_OBJECT_CONVERSION = YES_AGGRESSIVE;
				CLANG_CXX_LANGUAGE_STANDARD = "gnu++14";
				CLANG_CXX_LIBRARY = "libc++";
				CLANG_ENABLE_MODULES = YES;
				CLANG_ENABLE_OBJC_ARC = YES;
				CLANG_ENABLE_OBJC_WEAK = YES;
				CLANG_WARN_BLOCK_CAPTURE_AUTORELEASING = YES;
				CLANG_WARN_BOOL_CONVERSION = YES;
				CLANG_WARN_COMMA = YES;
				CLANG_WARN_CONSTANT_CONVERSION = YES;
				CLANG_WARN_DEPRECATED_OBJC_IMPLEMENTATIONS = YES;
				CLANG_WARN_DIRECT_OBJC_ISA_USAGE = YES_ERROR;
				CLANG_WARN_DOCUMENTATION_COMMENTS = YES;
				CLANG_WARN_EMPTY_BODY = YES;
				CLANG_WARN_ENUM_CONVERSION = YES;
				CLANG_WARN_INFINITE_RECURSION = YES;
				CLANG_WARN_INT_CONVERSION = YES;
				CLANG_WARN_NON_LITERAL_NULL_CONVERSION = YES;
				CLANG_WARN_OBJC_IMPLICIT_RETAIN_SELF = YES;
				CLANG_WARN_OBJC_LITERAL_CONVERSION = YES;
				CLANG_WARN_OBJC_ROOT_CLASS = YES_ERROR;
				CLANG_WARN_RANGE_LOOP_ANALYSIS = YES;
				CLANG_WARN_STRICT_PROTOTYPES = YES;
				CLANG_WARN_SUSPICIOUS_MOVE = YES;
				CLANG_WARN_UNGUARDED_AVAILABILITY = YES_AGGRESSIVE;
				CLANG_WARN_UNREACHABLE_CODE = YES;
				CLANG_WARN__DUPLICATE_METHOD_MATCH = YES;
				COPY_PHASE_STRIP = NO;
				DEBUG_INFORMATION_FORMAT = "dwarf-with-dsym";
				ENABLE_NS_ASSERTIONS = NO;
				ENABLE_STRICT_OBJC_MSGSEND = YES;
				GCC_C_LANGUAGE_STANDARD = gnu11;
				GCC_NO_COMMON_BLOCKS = YES;
				GCC_WARN_64_TO_32_BIT_CONVERSION = YES;
				GCC_WARN_ABOUT_RETURN_TYPE = YES_ERROR;
				GCC_WARN_UNDECLARED_SELECTOR = YES;
				GCC_WARN_UNINITIALIZED_AUTOS = YES_AGGRESSIVE;
				GCC_WARN_UNUSED_FUNCTION = YES;
				GCC_WARN_UNUSED_VARIABLE = YES;
				IPHONEOS_DEPLOYMENT_TARGET = 13.6;
				MTL_ENABLE_DEBUG_INFO = NO;
				MTL_FAST_MATH = YES;
				SDKROOT = iphoneos;
				SWIFT_COMPILATION_MODE = wholemodule;
				SWIFT_OPTIMIZATION_LEVEL = "-O";
				VALIDATE_PRODUCT = YES;
			};
			name = Release;
		};
		1A39901124EEA0930078AF19 /* Debug */ = {
			isa = XCBuildConfiguration;
			buildSettings = {
				ASSETCATALOG_COMPILER_APPICON_NAME = AppIcon;
				CODE_SIGN_STYLE = Automatic;
				DEVELOPMENT_TEAM = WDHQGZG5S7;
				INFOPLIST_FILE = BountyList/Info.plist;
				LD_RUNPATH_SEARCH_PATHS = (
					"$(inherited)",
					"@executable_path/Frameworks",
				);
				PRODUCT_BUNDLE_IDENTIFIER = kr.co.hist.BountyList;
				PRODUCT_NAME = "$(TARGET_NAME)";
				SWIFT_VERSION = 5.0;
				TARGETED_DEVICE_FAMILY = "1,2";
			};
			name = Debug;
		};
		1A39901224EEA0930078AF19 /* Release */ = {
			isa = XCBuildConfiguration;
			buildSettings = {
				ASSETCATALOG_COMPILER_APPICON_NAME = AppIcon;
				CODE_SIGN_STYLE = Automatic;
				DEVELOPMENT_TEAM = WDHQGZG5S7;
				INFOPLIST_FILE = BountyList/Info.plist;
				LD_RUNPATH_SEARCH_PATHS = (
					"$(inherited)",
					"@executable_path/Frameworks",
				);
				PRODUCT_BUNDLE_IDENTIFIER = kr.co.hist.BountyList;
				PRODUCT_NAME = "$(TARGET_NAME)";
				SWIFT_VERSION = 5.0;
				TARGETED_DEVICE_FAMILY = "1,2";
			};
			name = Release;
		};
/* End XCBuildConfiguration section */

/* Begin XCConfigurationList section */
		1A398FF724EEA0910078AF19 /* Build configuration list for PBXProject "BountyList" */ = {
			isa = XCConfigurationList;
			buildConfigurations = (
				1A39900E24EEA0930078AF19 /* Debug */,
				1A39900F24EEA0930078AF19 /* Release */,
			);
			defaultConfigurationIsVisible = 0;
			defaultConfigurationName = Release;
		};
		1A39901024EEA0930078AF19 /* Build configuration list for PBXNativeTarget "BountyList" */ = {
			isa = XCConfigurationList;
			buildConfigurations = (
				1A39901124EEA0930078AF19 /* Debug */,
				1A39901224EEA0930078AF19 /* Release */,
			);
			defaultConfigurationIsVisible = 0;
			defaultConfigurationName = Release;
		};
/* End XCConfigurationList section */
	};
	rootObject = 1A398FF424EEA0910078AF19 /* Project object */;
}
